schema: '2.0'
stages:
  prepare:
    cmd: python -m src.features.prepare
    deps:
    - path: data/raw/test.txt
      hash: md5
      md5: 16a0f3f4b04ddb191babc93b92528be1
      size: 2997
    - path: data/raw/train.txt
      hash: md5
      md5: 657add54a75ae2239b27c381947b03bf
      size: 17010
    - path: data/raw/ts
      hash: md5
      md5: 55ade20560b7c10c1dabdec1370cb124.dir
      size: 262905209
      nfiles: 1482
    - path: src/features/prepare.py
      hash: md5
      md5: 40441702efa969beea24b9299911ad53
      size: 1667
    params:
      params.yaml:
        prepare.names:
          0: prohibitory
          1: danger
          2: mandatory
          3: other
        prepare.nc: 4
        prepare.random_state: 42
        prepare.test: test_images.txt
        prepare.test_size: 0.2
        prepare.train: train_images.txt
    outs:
    - path: data/processed/test_images.txt
      hash: md5
      md5: 7af19988e203d1cd708cbdc1b614092f
      size: 3427
    - path: data/processed/train_images.txt
      hash: md5
      md5: 18f9e993e7c6ade87849ec3e3909f9a2
      size: 13616
