schema: '2.0'
stages:
  prepare:
    cmd: python -m src.features.prepare
    deps:
    - path: data/raw/test.txt
      hash: md5
      md5: 5db14e473329aa4bce970376afb90bac
      size: 2553
    - path: data/raw/train.txt
      hash: md5
      md5: 75aac26b1dca432e2ad276e935e5502c
      size: 14490
    - path: src/features/prepare.py
      hash: md5
      md5: 30ff7eeb579823dfe55c9661ae2c4aef
      size: 1170
    params:
      params.yaml:
        prepare.names:
          0: prohibitory
          1: danger
          2: mandatory
          3: other
        prepare.nc: 4
        prepare.random_state: 42
        prepare.test: test_images.txt
        prepare.test_size: 0.2
        prepare.train: train_images.txt
    outs:
    - path: data/processed/test_images.txt
      hash: md5
      md5: 89d619b0fe6d636b7d2a0d229951a82b
      size: 3278
    - path: data/processed/train_images.txt
      hash: md5
      md5: 69b45f5c4ae813e4ede5eb5f1ab7b649
      size: 13024
