schema: '2.0'
stages:
  prepare:
    cmd: python -m src.features.prepare
    deps:
    - path: data/raw/test.txt
      hash: md5
      md5: 5db14e473329aa4bce970376afb90bac
      size: 2553
      isexec: true
    - path: data/raw/train.txt
      hash: md5
      md5: 75aac26b1dca432e2ad276e935e5502c
      size: 14490
      isexec: true
    - path: data/raw/ts
      hash: md5
      md5: 55ade20560b7c10c1dabdec1370cb124.dir
      size: 262905209
      nfiles: 1482
    - path: src/features/prepare.py
      hash: md5
      md5: 582065b90f9b450e1d17b76b97a6156a
      size: 1221
      isexec: true
    params:
      params.yaml:
        prepare.names:
          0: prohibitory
          1: danger
          2: mandatory
          3: other
        prepare.nc: 4
        prepare.random_state: 42
        prepare.test: test_images.txt
        prepare.test_size: 0.2
        prepare.train: train_images.txt
    outs:
    - path: data/processed/test_images.txt
      hash: md5
      md5: 395af9f39794c551844f5bc44fcc6ed9
      size: 132
      isexec: true
    - path: data/processed/train_images.txt
      hash: md5
      md5: ef1a7a074fe39b8601cf5770fd7d76fe
      size: 506
      isexec: true
  train:
    cmd: python -m src.models.train
    deps:
    - path: data/processed/train_images.txt
      hash: md5
      md5: ef1a7a074fe39b8601cf5770fd7d76fe
      size: 506
      isexec: true
    - path: src/models/train.py
      hash: md5
      md5: a47425e18655a24087c9d5c289622a9a
      size: 3885
      isexec: true
    params:
      params.yaml:
        train.batch_size: 16
        train.epochs: 1
        train.learning_rate: 0.001
    outs:
    - path: models/ts_model.pt
      hash: md5
      md5: 62620edd7695c7487239ef6200e8920e
      size: 46757975
      isexec: true
  evaluate:
    cmd: python -m src.models.evaluate
    deps:
    - path: data/processed/test_images.txt
      hash: md5
      md5: 395af9f39794c551844f5bc44fcc6ed9
      size: 132
      isexec: true
    - path: models/ts_model.pt
      hash: md5
      md5: 62620edd7695c7487239ef6200e8920e
      size: 46757975
      isexec: true
    - path: src/models/evaluate.py
      hash: md5
      md5: f24db5b2488a60ae4921b02f65185beb
      size: 2557
      isexec: true
    outs:
    - path: metrics/scores.json
      hash: md5
      md5: c5df249b107f24b203e00f5ba52f2bb9
      size: 86
      isexec: true
